
Microsoft Visual Studio Solution File, Format Version 12.00
# Visual Studio Version 17
VisualStudioVersion = 17.5.33530.505
MinimumVisualStudioVersion = 10.0.40219.1
Project("{9A19103F-16F7-4668-BE54-9A1E7A4F7556}") = "ChallengeApp", "ChallengeApp\ChallengeApp.csproj", "{083988C2-18AA-4526-B766-C684AAE6E712}"
EndProject
Project("{FAE04EC0-301F-11D3-BF4B-00C04F79EFBC}") = "ChallengeApp.Tests", "ChallengeApp.Tests\ChallengeApp.Tests.csproj", "{0B80F4B9-1EF2-4832-B394-EFFEAF65E21F}"
EndProject
Global
	GlobalSection(SolutionConfigurationPlatforms) = preSolution
		Debug|Any CPU = Debug|Any CPU
		Release|Any CPU = Release|Any CPU
	EndGlobalSection
	GlobalSection(ProjectConfigurationPlatforms) = postSolution
		{083988C2-18AA-4526-B766-C684AAE6E712}.Debug|Any CPU.ActiveCfg = Debug|Any CPU
		{083988C2-18AA-4526-B766-C684AAE6E712}.Debug|Any CPU.Build.0 = Debug|Any CPU
		{083988C2-18AA-4526-B766-C684AAE6E712}.Release|Any CPU.ActiveCfg = Release|Any CPU
		{083988C2-18AA-4526-B766-C684AAE6E712}.Release|Any CPU.Build.0 = Release|Any CPU
		{0B80F4B9-1EF2-4832-B394-EFFEAF65E21F}.Debug|Any CPU.ActiveCfg = Debug|Any CPU
		{0B80F4B9-1EF2-4832-B394-EFFEAF65E21F}.Debug|Any CPU.Build.0 = Debug|Any CPU
		{0B80F4B9-1EF2-4832-B394-EFFEAF65E21F}.Release|Any CPU.ActiveCfg = Release|Any CPU
		{0B80F4B9-1EF2-4832-B394-EFFEAF65E21F}.Release|Any CPU.Build.0 = Release|Any CPU
	EndGlobalSection
	GlobalSection(SolutionProperties) = preSolution
		HideSolutionNode = FALSE
	EndGlobalSection
	GlobalSection(ExtensibilityGlobals) = postSolution
		SolutionGuid = {57A48679-EF30-4628-B26D-0D1BEF1EC388}
	EndGlobalSection
EndGlobal
